
Microsoft Visual Studio Solution File, Format Version 12.00
# Visual Studio Version 16
VisualStudioVersion = 16.0.30320.27
MinimumVisualStudioVersion = 10.0.40219.1
Project("{8BC9CEB8-8B4A-11D0-8D11-00A0C91BC942}") = "AudiosurfRichPresenceInjectable", "AudiosurfRichPresenceInjectable\AudiosurfRichPresenceInjectable.vcxproj", "{66647DCA-BBD2-4E83-A1F8-282358EA8744}"
EndProject
Global
	GlobalSection(SolutionConfigurationPlatforms) = preSolution
		Debug|x64 = Debug|x64
		Debug|x86 = Debug|x86
		Release|x64 = Release|x64
		Release|x86 = Release|x86
	EndGlobalSection
	GlobalSection(ProjectConfigurationPlatforms) = postSolution
		{66647DCA-BBD2-4E83-A1F8-282358EA8744}.Debug|x64.ActiveCfg = Debug|x64
		{66647DCA-BBD2-4E83-A1F8-282358EA8744}.Debug|x64.Build.0 = Debug|x64
		{66647DCA-BBD2-4E83-A1F8-282358EA8744}.Debug|x86.ActiveCfg = Debug|Win32
		{66647DCA-BBD2-4E83-A1F8-282358EA8744}.Debug|x86.Build.0 = Debug|Win32
		{66647DCA-BBD2-4E83-A1F8-282358EA8744}.Release|x64.ActiveCfg = Release|x64
		{66647DCA-BBD2-4E83-A1F8-282358EA8744}.Release|x64.Build.0 = Release|x64
		{66647DCA-BBD2-4E83-A1F8-282358EA8744}.Release|x86.ActiveCfg = Release|Win32
		{66647DCA-BBD2-4E83-A1F8-282358EA8744}.Release|x86.Build.0 = Release|Win32
	EndGlobalSection
	GlobalSection(SolutionProperties) = preSolution
		HideSolutionNode = FALSE
	EndGlobalSection
	GlobalSection(ExtensibilityGlobals) = postSolution
		SolutionGuid = {F33F7F5A-B282-4C49-B05E-E2EF9838FE5D}
	EndGlobalSection
EndGlobal
